
Microsoft Visual Studio Solution File, Format Version 12.00
# Visual Studio 15
VisualStudioVersion = 15.0.26020.0
MinimumVisualStudioVersion = 10.0.40219.1
Project("{FAE04EC0-301F-11D3-BF4B-00C04F79EFBC}") = "Hello_ConsoleApp", "Hello_ConsoleApp\Hello_ConsoleApp.csproj", "{B38279D1-B5C4-4EE3-9548-FDE6BED121FF}"
EndProject
Global
	GlobalSection(SolutionConfigurationPlatforms) = preSolution
		Debug|Any CPU = Debug|Any CPU
		Release|Any CPU = Release|Any CPU
	EndGlobalSection
	GlobalSection(ProjectConfigurationPlatforms) = postSolution
		{B38279D1-B5C4-4EE3-9548-FDE6BED121FF}.Debug|Any CPU.ActiveCfg = Debug|Any CPU
		{B38279D1-B5C4-4EE3-9548-FDE6BED121FF}.Debug|Any CPU.Build.0 = Debug|Any CPU
		{B38279D1-B5C4-4EE3-9548-FDE6BED121FF}.Release|Any CPU.ActiveCfg = Release|Any CPU
		{B38279D1-B5C4-4EE3-9548-FDE6BED121FF}.Release|Any CPU.Build.0 = Release|Any CPU
	EndGlobalSection
	GlobalSection(SolutionProperties) = preSolution
		HideSolutionNode = FALSE
	EndGlobalSection
EndGlobal
